
Microsoft Visual Studio Solution File, Format Version 12.00
# Visual Studio Version 16
VisualStudioVersion = 16.0.31410.357
MinimumVisualStudioVersion = 10.0.40219.1
Project("{9A19103F-16F7-4668-BE54-9A1E7A4F7556}") = "TagBoxPropertyEditorSample.Module", "TagBoxPropertyEditorSample.Module\TagBoxPropertyEditorSample.Module.csproj", "{46303290-761B-4203-9161-7CEB899754C4}"
EndProject
Project("{9A19103F-16F7-4668-BE54-9A1E7A4F7556}") = "TagBoxPropertyEditorSample.Module.Blazor", "TagBoxPropertyEditorSample.Module.Blazor\TagBoxPropertyEditorSample.Module.Blazor.csproj", "{2FC96F23-F194-47DD-9697-4E89D3ECE6EF}"
EndProject
Project("{9A19103F-16F7-4668-BE54-9A1E7A4F7556}") = "TagBoxPropertyEditorSample.Blazor.Server", "TagBoxPropertyEditorSample.Blazor.Server\TagBoxPropertyEditorSample.Blazor.Server.csproj", "{285063CA-F4DA-48C2-82E6-7028B3E23639}"
EndProject
Global
	GlobalSection(SolutionConfigurationPlatforms) = preSolution
		Debug|Any CPU = Debug|Any CPU
		Release|Any CPU = Release|Any CPU
	EndGlobalSection
	GlobalSection(ProjectConfigurationPlatforms) = postSolution
		{46303290-761B-4203-9161-7CEB899754C4}.Debug|Any CPU.ActiveCfg = Debug|Any CPU
		{46303290-761B-4203-9161-7CEB899754C4}.Debug|Any CPU.Build.0 = Debug|Any CPU
		{46303290-761B-4203-9161-7CEB899754C4}.Release|Any CPU.ActiveCfg = Release|Any CPU
		{46303290-761B-4203-9161-7CEB899754C4}.Release|Any CPU.Build.0 = Release|Any CPU
		{2FC96F23-F194-47DD-9697-4E89D3ECE6EF}.Debug|Any CPU.ActiveCfg = Debug|Any CPU
		{2FC96F23-F194-47DD-9697-4E89D3ECE6EF}.Debug|Any CPU.Build.0 = Debug|Any CPU
		{2FC96F23-F194-47DD-9697-4E89D3ECE6EF}.Release|Any CPU.ActiveCfg = Release|Any CPU
		{2FC96F23-F194-47DD-9697-4E89D3ECE6EF}.Release|Any CPU.Build.0 = Release|Any CPU
		{285063CA-F4DA-48C2-82E6-7028B3E23639}.Debug|Any CPU.ActiveCfg = Debug|Any CPU
		{285063CA-F4DA-48C2-82E6-7028B3E23639}.Debug|Any CPU.Build.0 = Debug|Any CPU
		{285063CA-F4DA-48C2-82E6-7028B3E23639}.Release|Any CPU.ActiveCfg = Release|Any CPU
		{285063CA-F4DA-48C2-82E6-7028B3E23639}.Release|Any CPU.Build.0 = Release|Any CPU
	EndGlobalSection
	GlobalSection(SolutionProperties) = preSolution
		HideSolutionNode = FALSE
	EndGlobalSection
	GlobalSection(ExtensibilityGlobals) = postSolution
		SolutionGuid = {1353B7CB-B7F0-4E31-8BBB-2A958E4D40AE}
	EndGlobalSection
EndGlobal
