
Microsoft Visual Studio Solution File, Format Version 12.00
# Visual Studio Version 17
VisualStudioVersion = 17.5.33424.131
MinimumVisualStudioVersion = 10.0.40219.1
Project("{9A19103F-16F7-4668-BE54-9A1E7A4F7556}") = "TagBoxEditorEF.Module", "TagBoxEditorEF.Module\TagBoxEditorEF.Module.csproj", "{734C1929-56FF-4267-94D6-CE2040C9DA58}"
EndProject
Project("{9A19103F-16F7-4668-BE54-9A1E7A4F7556}") = "TagBoxEditorEF.Blazor.Server", "TagBoxEditorEF.Blazor.Server\TagBoxEditorEF.Blazor.Server.csproj", "{51EF0CAC-C80F-452B-9542-18B33D8F8CF0}"
EndProject
Global
	GlobalSection(SolutionConfigurationPlatforms) = preSolution
		Debug|Any CPU = Debug|Any CPU
		EasyTest|Any CPU = EasyTest|Any CPU
		Release|Any CPU = Release|Any CPU
	EndGlobalSection
	GlobalSection(ProjectConfigurationPlatforms) = postSolution
		{734C1929-56FF-4267-94D6-CE2040C9DA58}.Debug|Any CPU.ActiveCfg = Debug|Any CPU
		{734C1929-56FF-4267-94D6-CE2040C9DA58}.Debug|Any CPU.Build.0 = Debug|Any CPU
		{734C1929-56FF-4267-94D6-CE2040C9DA58}.EasyTest|Any CPU.ActiveCfg = EasyTest|Any CPU
		{734C1929-56FF-4267-94D6-CE2040C9DA58}.EasyTest|Any CPU.Build.0 = EasyTest|Any CPU
		{734C1929-56FF-4267-94D6-CE2040C9DA58}.Release|Any CPU.ActiveCfg = Release|Any CPU
		{734C1929-56FF-4267-94D6-CE2040C9DA58}.Release|Any CPU.Build.0 = Release|Any CPU
		{51EF0CAC-C80F-452B-9542-18B33D8F8CF0}.Debug|Any CPU.ActiveCfg = Debug|Any CPU
		{51EF0CAC-C80F-452B-9542-18B33D8F8CF0}.Debug|Any CPU.Build.0 = Debug|Any CPU
		{51EF0CAC-C80F-452B-9542-18B33D8F8CF0}.EasyTest|Any CPU.ActiveCfg = EasyTest|Any CPU
		{51EF0CAC-C80F-452B-9542-18B33D8F8CF0}.EasyTest|Any CPU.Build.0 = EasyTest|Any CPU
		{51EF0CAC-C80F-452B-9542-18B33D8F8CF0}.Release|Any CPU.ActiveCfg = Release|Any CPU
		{51EF0CAC-C80F-452B-9542-18B33D8F8CF0}.Release|Any CPU.Build.0 = Release|Any CPU
	EndGlobalSection
	GlobalSection(SolutionProperties) = preSolution
		HideSolutionNode = FALSE
	EndGlobalSection
EndGlobal
